
Microsoft Visual Studio Solution File, Format Version 12.00
# Visual Studio Version 17
VisualStudioVersion = 17.3.32804.467
MinimumVisualStudioVersion = 10.0.40219.1
Project("{FAE04EC0-301F-11D3-BF4B-00C04F79EFBC}") = "BookStore.API", "BookStore.API.csproj", "{1D258A91-F067-45A9-AFB5-C9DDF81AC644}"
EndProject
Global
	GlobalSection(SolutionConfigurationPlatforms) = preSolution
		Debug|Any CPU = Debug|Any CPU
		Release|Any CPU = Release|Any CPU
	EndGlobalSection
	GlobalSection(ProjectConfigurationPlatforms) = postSolution
		{1D258A91-F067-45A9-AFB5-C9DDF81AC644}.Debug|Any CPU.ActiveCfg = Debug|Any CPU
		{1D258A91-F067-45A9-AFB5-C9DDF81AC644}.Debug|Any CPU.Build.0 = Debug|Any CPU
		{1D258A91-F067-45A9-AFB5-C9DDF81AC644}.Release|Any CPU.ActiveCfg = Release|Any CPU
		{1D258A91-F067-45A9-AFB5-C9DDF81AC644}.Release|Any CPU.Build.0 = Release|Any CPU
	EndGlobalSection
	GlobalSection(SolutionProperties) = preSolution
		HideSolutionNode = FALSE
	EndGlobalSection
	GlobalSection(ExtensibilityGlobals) = postSolution
		SolutionGuid = {5B24B849-69FD-4287-8AEB-9B0CBD365B53}
	EndGlobalSection
EndGlobal
